
Microsoft Visual Studio Solution File, Format Version 12.00
# Visual Studio Version 17
VisualStudioVersion = 17.11.35303.130
MinimumVisualStudioVersion = 10.0.40219.1
Project("{FAE04EC0-301F-11D3-BF4B-00C04F79EFBC}") = "MultipleScreens", "MultipleScreens\MultipleScreens.csproj", "{A6014A2E-88EF-4CBD-826A-DD81D15A8797}"
EndProject
Global
	GlobalSection(SolutionConfigurationPlatforms) = preSolution
		Debug|Any CPU = Debug|Any CPU
		Release|Any CPU = Release|Any CPU
	EndGlobalSection
	GlobalSection(ProjectConfigurationPlatforms) = postSolution
		{A6014A2E-88EF-4CBD-826A-DD81D15A8797}.Debug|Any CPU.ActiveCfg = Debug|Any CPU
		{A6014A2E-88EF-4CBD-826A-DD81D15A8797}.Debug|Any CPU.Build.0 = Debug|Any CPU
		{A6014A2E-88EF-4CBD-826A-DD81D15A8797}.Release|Any CPU.ActiveCfg = Release|Any CPU
		{A6014A2E-88EF-4CBD-826A-DD81D15A8797}.Release|Any CPU.Build.0 = Release|Any CPU
	EndGlobalSection
	GlobalSection(SolutionProperties) = preSolution
		HideSolutionNode = FALSE
	EndGlobalSection
	GlobalSection(ExtensibilityGlobals) = postSolution
		SolutionGuid = {D3C22DB0-1A5E-4138-903D-7890DD21C82E}
	EndGlobalSection
EndGlobal
